{
  "nodes": {
    "fonts": {
      "flake": false,
      "locked": {
        "narHash": "sha256-hSW36y0sytiWVUF//a4Tul2LZoRkCGw/KmHvioZXc3g=",
        "type": "file",
        "url": "https://raw.githubusercontent.com/EarthGman/assets/master/fonts.json"
      },
      "original": {
        "type": "file",
        "url": "https://raw.githubusercontent.com/EarthGman/assets/master/fonts.json"
      }
    },
    "nix-library": {
      "inputs": {
        "fonts": "fonts",
        "nixpkgs": "nixpkgs"
      },
      "locked": {
        "lastModified": 1738994792,
        "narHash": "sha256-eJq9nO8CcJnVtOBYTls9b5H8ioxuKYY0TNPMKo8oe7U=",
        "owner": "EarthGman",
        "repo": "nix-library",
        "rev": "34381f89e3a0987e62a0a6049b8db05454442027",
        "type": "github"
      },
      "original": {
        "owner": "EarthGman",
        "repo": "nix-library",
        "type": "github"
      }
    },
    "nixpkgs": {
      "locked": {
        "lastModified": 1738824222,
        "narHash": "sha256-U3SNq+waitGIotmgg/Et3J7o4NvUtP2gb2VhME5QXiw=",
        "owner": "nixos",
        "repo": "nixpkgs",
        "rev": "550e11f27ba790351d390d9eca3b80ad0f0254e7",
        "type": "github"
      },
      "original": {
        "owner": "nixos",
        "ref": "nixos-unstable",
        "repo": "nixpkgs",
        "type": "github"
      }
    },
    "nixpkgs_2": {
      "locked": {
        "lastModified": 1738824222,
        "narHash": "sha256-U3SNq+waitGIotmgg/Et3J7o4NvUtP2gb2VhME5QXiw=",
        "owner": "NixOS",
        "repo": "nixpkgs",
        "rev": "550e11f27ba790351d390d9eca3b80ad0f0254e7",
        "type": "github"
      },
      "original": {
        "owner": "NixOS",
        "ref": "nixos-unstable",
        "repo": "nixpkgs",
        "type": "github"
      }
    },
    "root": {
      "inputs": {
        "nix-library": "nix-library",
        "nixpkgs": "nixpkgs_2"
      }
    }
  },
  "root": "root",
  "version": 7
}
